
Microsoft Visual Studio Solution File, Format Version 12.00
# Visual Studio Version 16
VisualStudioVersion = 16.0.30523.141
MinimumVisualStudioVersion = 10.0.40219.1
Project("{FAE04EC0-301F-11D3-BF4B-00C04F79EFBC}") = "WebStore", "WebStore.csproj", "{F469FE77-6BA6-416A-8FB5-1163945191D6}"
EndProject
Global
	GlobalSection(SolutionConfigurationPlatforms) = preSolution
		Debug|Any CPU = Debug|Any CPU
		Release|Any CPU = Release|Any CPU
	EndGlobalSection
	GlobalSection(ProjectConfigurationPlatforms) = postSolution
		{F469FE77-6BA6-416A-8FB5-1163945191D6}.Debug|Any CPU.ActiveCfg = Debug|Any CPU
		{F469FE77-6BA6-416A-8FB5-1163945191D6}.Debug|Any CPU.Build.0 = Debug|Any CPU
		{F469FE77-6BA6-416A-8FB5-1163945191D6}.Release|Any CPU.ActiveCfg = Release|Any CPU
		{F469FE77-6BA6-416A-8FB5-1163945191D6}.Release|Any CPU.Build.0 = Release|Any CPU
	EndGlobalSection
	GlobalSection(SolutionProperties) = preSolution
		HideSolutionNode = FALSE
	EndGlobalSection
	GlobalSection(ExtensibilityGlobals) = postSolution
		SolutionGuid = {37A74A51-B7A4-40BF-B422-0E5A545C7E8B}
	EndGlobalSection
EndGlobal
